
Microsoft Visual Studio Solution File, Format Version 12.00
# Visual Studio Version 16
VisualStudioVersion = 16.0.32106.194
MinimumVisualStudioVersion = 10.0.40219.1
Project("{FAE04EC0-301F-11D3-BF4B-00C04F79EFBC}") = "ConfigFirewallRules", "ConfigFirewallRules\ConfigFirewallRules.csproj", "{CEB2912A-A102-49BC-81F4-D7C1F4D962E4}"
EndProject
Global
	GlobalSection(SolutionConfigurationPlatforms) = preSolution
		Debug|Any CPU = Debug|Any CPU
		Release|Any CPU = Release|Any CPU
	EndGlobalSection
	GlobalSection(ProjectConfigurationPlatforms) = postSolution
		{CEB2912A-A102-49BC-81F4-D7C1F4D962E4}.Debug|Any CPU.ActiveCfg = Debug|Any CPU
		{CEB2912A-A102-49BC-81F4-D7C1F4D962E4}.Debug|Any CPU.Build.0 = Debug|Any CPU
		{CEB2912A-A102-49BC-81F4-D7C1F4D962E4}.Release|Any CPU.ActiveCfg = Release|Any CPU
		{CEB2912A-A102-49BC-81F4-D7C1F4D962E4}.Release|Any CPU.Build.0 = Release|Any CPU
	EndGlobalSection
	GlobalSection(SolutionProperties) = preSolution
		HideSolutionNode = FALSE
	EndGlobalSection
	GlobalSection(ExtensibilityGlobals) = postSolution
		SolutionGuid = {CBC05E1C-EBE0-4DC8-9DA6-49E2E63614FD}
	EndGlobalSection
EndGlobal
